
Microsoft Visual Studio Solution File, Format Version 12.00
# Visual Studio Version 16
VisualStudioVersion = 16.0.29102.190
MinimumVisualStudioVersion = 10.0.40219.1
Project("{FAE04EC0-301F-11D3-BF4B-00C04F79EFBC}") = "WifiSitter", "WifiSitter\WifiSitter.csproj", "{B3A5D84A-C7A0-409D-881D-1D5FF36773D4}"
EndProject
Project("{FAE04EC0-301F-11D3-BF4B-00C04F79EFBC}") = "WifiSitterGui", "WifiSitterGui\WifiSitterGui.csproj", "{20552785-B57D-4A59-B891-EF4FB170CE1A}"
EndProject
Project("{FAE04EC0-301F-11D3-BF4B-00C04F79EFBC}") = "WifiSitterShared", "WifiSitterShared\WifiSitterShared.csproj", "{EBF46418-1B0B-4C40-A699-33A9056F5D67}"
EndProject
Project("{2150E333-8FDC-42A3-9474-1A3956D46DE8}") = "Solution Items", "Solution Items", "{B8E55B65-BFB3-4458-9EF3-D8A477B1FEF0}"
	ProjectSection(SolutionItems) = preProject
		README.md = README.md
	EndProjectSection
EndProject
Project("{930C7802-8A8C-48F9-8165-68863BCCD9DD}") = "WifiSitterSetup", "WifiSitterSetup\WifiSitterSetup.wixproj", "{F8B545CD-AC39-4FB9-AF2C-2BECE0E87C4E}"
EndProject
Global
	GlobalSection(SolutionConfigurationPlatforms) = preSolution
		Debug|Any CPU = Debug|Any CPU
		Debug|x64 = Debug|x64
		Debug|x86 = Debug|x86
		Release|Any CPU = Release|Any CPU
		Release|x64 = Release|x64
		Release|x86 = Release|x86
	EndGlobalSection
	GlobalSection(ProjectConfigurationPlatforms) = postSolution
		{B3A5D84A-C7A0-409D-881D-1D5FF36773D4}.Debug|Any CPU.ActiveCfg = Debug|Any CPU
		{B3A5D84A-C7A0-409D-881D-1D5FF36773D4}.Debug|Any CPU.Build.0 = Debug|Any CPU
		{B3A5D84A-C7A0-409D-881D-1D5FF36773D4}.Debug|x64.ActiveCfg = Debug|Any CPU
		{B3A5D84A-C7A0-409D-881D-1D5FF36773D4}.Debug|x64.Build.0 = Debug|Any CPU
		{B3A5D84A-C7A0-409D-881D-1D5FF36773D4}.Debug|x86.ActiveCfg = Debug|x86
		{B3A5D84A-C7A0-409D-881D-1D5FF36773D4}.Debug|x86.Build.0 = Debug|x86
		{B3A5D84A-C7A0-409D-881D-1D5FF36773D4}.Release|Any CPU.ActiveCfg = Release|Any CPU
		{B3A5D84A-C7A0-409D-881D-1D5FF36773D4}.Release|Any CPU.Build.0 = Release|Any CPU
		{B3A5D84A-C7A0-409D-881D-1D5FF36773D4}.Release|x64.ActiveCfg = Release|Any CPU
		{B3A5D84A-C7A0-409D-881D-1D5FF36773D4}.Release|x64.Build.0 = Release|Any CPU
		{B3A5D84A-C7A0-409D-881D-1D5FF36773D4}.Release|x86.ActiveCfg = Release|x86
		{B3A5D84A-C7A0-409D-881D-1D5FF36773D4}.Release|x86.Build.0 = Release|x86
		{20552785-B57D-4A59-B891-EF4FB170CE1A}.Debug|Any CPU.ActiveCfg = Debug|Any CPU
		{20552785-B57D-4A59-B891-EF4FB170CE1A}.Debug|Any CPU.Build.0 = Debug|Any CPU
		{20552785-B57D-4A59-B891-EF4FB170CE1A}.Debug|x64.ActiveCfg = Debug|Any CPU
		{20552785-B57D-4A59-B891-EF4FB170CE1A}.Debug|x64.Build.0 = Debug|Any CPU
		{20552785-B57D-4A59-B891-EF4FB170CE1A}.Debug|x86.ActiveCfg = Debug|Any CPU
		{20552785-B57D-4A59-B891-EF4FB170CE1A}.Debug|x86.Build.0 = Debug|Any CPU
		{20552785-B57D-4A59-B891-EF4FB170CE1A}.Release|Any CPU.ActiveCfg = Release|Any CPU
		{20552785-B57D-4A59-B891-EF4FB170CE1A}.Release|Any CPU.Build.0 = Release|Any CPU
		{20552785-B57D-4A59-B891-EF4FB170CE1A}.Release|x64.ActiveCfg = Release|Any CPU
		{20552785-B57D-4A59-B891-EF4FB170CE1A}.Release|x64.Build.0 = Release|Any CPU
		{20552785-B57D-4A59-B891-EF4FB170CE1A}.Release|x86.ActiveCfg = Release|Any CPU
		{20552785-B57D-4A59-B891-EF4FB170CE1A}.Release|x86.Build.0 = Release|Any CPU
		{EBF46418-1B0B-4C40-A699-33A9056F5D67}.Debug|Any CPU.ActiveCfg = Debug|Any CPU
		{EBF46418-1B0B-4C40-A699-33A9056F5D67}.Debug|Any CPU.Build.0 = Debug|Any CPU
		{EBF46418-1B0B-4C40-A699-33A9056F5D67}.Debug|x64.ActiveCfg = Debug|Any CPU
		{EBF46418-1B0B-4C40-A699-33A9056F5D67}.Debug|x64.Build.0 = Debug|Any CPU
		{EBF46418-1B0B-4C40-A699-33A9056F5D67}.Debug|x86.ActiveCfg = Debug|Any CPU
		{EBF46418-1B0B-4C40-A699-33A9056F5D67}.Debug|x86.Build.0 = Debug|Any CPU
		{EBF46418-1B0B-4C40-A699-33A9056F5D67}.Release|Any CPU.ActiveCfg = Release|Any CPU
		{EBF46418-1B0B-4C40-A699-33A9056F5D67}.Release|Any CPU.Build.0 = Release|Any CPU
		{EBF46418-1B0B-4C40-A699-33A9056F5D67}.Release|x64.ActiveCfg = Release|x64
		{EBF46418-1B0B-4C40-A699-33A9056F5D67}.Release|x64.Build.0 = Release|x64
		{EBF46418-1B0B-4C40-A699-33A9056F5D67}.Release|x86.ActiveCfg = Release|Any CPU
		{EBF46418-1B0B-4C40-A699-33A9056F5D67}.Release|x86.Build.0 = Release|Any CPU
		{F8B545CD-AC39-4FB9-AF2C-2BECE0E87C4E}.Debug|Any CPU.ActiveCfg = Debug|x86
		{F8B545CD-AC39-4FB9-AF2C-2BECE0E87C4E}.Debug|x64.ActiveCfg = Debug|x86
		{F8B545CD-AC39-4FB9-AF2C-2BECE0E87C4E}.Debug|x64.Build.0 = Debug|x86
		{F8B545CD-AC39-4FB9-AF2C-2BECE0E87C4E}.Debug|x86.ActiveCfg = Debug|x86
		{F8B545CD-AC39-4FB9-AF2C-2BECE0E87C4E}.Debug|x86.Build.0 = Debug|x86
		{F8B545CD-AC39-4FB9-AF2C-2BECE0E87C4E}.Release|Any CPU.ActiveCfg = Release|x86
		{F8B545CD-AC39-4FB9-AF2C-2BECE0E87C4E}.Release|x64.ActiveCfg = Release|x64
		{F8B545CD-AC39-4FB9-AF2C-2BECE0E87C4E}.Release|x64.Build.0 = Release|x64
		{F8B545CD-AC39-4FB9-AF2C-2BECE0E87C4E}.Release|x86.ActiveCfg = Release|x86
		{F8B545CD-AC39-4FB9-AF2C-2BECE0E87C4E}.Release|x86.Build.0 = Release|x86
	EndGlobalSection
	GlobalSection(SolutionProperties) = preSolution
		HideSolutionNode = FALSE
	EndGlobalSection
	GlobalSection(ExtensibilityGlobals) = postSolution
		BuildVersion_UpdateFileVersion = False
		BuildVersion_BuildVersioningStyle = None.None.Increment.Increment
		BuildVersion_StartDate = 2000/1/1
		BuildVersion_IncrementBeforeBuild = False
		BuildVersion_DetectChanges = False
		SolutionGuid = {6FF0F1C7-3E15-4935-B364-EE020438FFA9}
	EndGlobalSection
EndGlobal
